
Microsoft Visual Studio Solution File, Format Version 12.00
# Visual Studio Version 17
VisualStudioVersion = 17.2.32616.157
MinimumVisualStudioVersion = 10.0.40219.1
Project("{FAE04EC0-301F-11D3-BF4B-00C04F79EFBC}") = "BackgroundWorkerExample", "BackgroundWorkerExample.csproj", "{3D1A3DD1-8BD2-43C1-96A8-D7254FBAB700}"
EndProject
Global
	GlobalSection(SolutionConfigurationPlatforms) = preSolution
		Debug|Any CPU = Debug|Any CPU
		Release|Any CPU = Release|Any CPU
	EndGlobalSection
	GlobalSection(ProjectConfigurationPlatforms) = postSolution
		{3D1A3DD1-8BD2-43C1-96A8-D7254FBAB700}.Debug|Any CPU.ActiveCfg = Debug|Any CPU
		{3D1A3DD1-8BD2-43C1-96A8-D7254FBAB700}.Debug|Any CPU.Build.0 = Debug|Any CPU
		{3D1A3DD1-8BD2-43C1-96A8-D7254FBAB700}.Release|Any CPU.ActiveCfg = Release|Any CPU
		{3D1A3DD1-8BD2-43C1-96A8-D7254FBAB700}.Release|Any CPU.Build.0 = Release|Any CPU
	EndGlobalSection
	GlobalSection(SolutionProperties) = preSolution
		HideSolutionNode = FALSE
	EndGlobalSection
	GlobalSection(ExtensibilityGlobals) = postSolution
		SolutionGuid = {642B9B47-84A4-4430-AB3A-568748334250}
	EndGlobalSection
EndGlobal
